
Microsoft Visual Studio Solution File, Format Version 12.00
# Visual Studio Version 17
VisualStudioVersion = 17.6.33815.320
MinimumVisualStudioVersion = 10.0.40219.1
Project("{FAE04EC0-301F-11D3-BF4B-00C04F79EFBC}") = "FileUploadBlazor", "FileUploadBlazor.csproj", "{B32131B9-6C14-4EA6-A0B4-3712104BA77B}"
EndProject
Global
	GlobalSection(SolutionConfigurationPlatforms) = preSolution
		Debug|Any CPU = Debug|Any CPU
		Release|Any CPU = Release|Any CPU
	EndGlobalSection
	GlobalSection(ProjectConfigurationPlatforms) = postSolution
		{B32131B9-6C14-4EA6-A0B4-3712104BA77B}.Debug|Any CPU.ActiveCfg = Debug|Any CPU
		{B32131B9-6C14-4EA6-A0B4-3712104BA77B}.Debug|Any CPU.Build.0 = Debug|Any CPU
		{B32131B9-6C14-4EA6-A0B4-3712104BA77B}.Release|Any CPU.ActiveCfg = Release|Any CPU
		{B32131B9-6C14-4EA6-A0B4-3712104BA77B}.Release|Any CPU.Build.0 = Release|Any CPU
	EndGlobalSection
	GlobalSection(SolutionProperties) = preSolution
		HideSolutionNode = FALSE
	EndGlobalSection
	GlobalSection(ExtensibilityGlobals) = postSolution
		SolutionGuid = {D4DE74DC-75B8-49BA-A5B4-065DAFAD6D5B}
	EndGlobalSection
EndGlobal
